
Microsoft Visual Studio Solution File, Format Version 12.00
# Visual Studio Version 17
VisualStudioVersion = 17.6.33829.357
MinimumVisualStudioVersion = 10.0.40219.1
Project("{FAE04EC0-301F-11D3-BF4B-00C04F79EFBC}") = "Flights", "Flights\Flights.csproj", "{4AB969C8-6AA5-4FCB-B6B9-DEC7A1C6C798}"
EndProject
Global
	GlobalSection(SolutionConfigurationPlatforms) = preSolution
		Debug|Any CPU = Debug|Any CPU
		Release|Any CPU = Release|Any CPU
	EndGlobalSection
	GlobalSection(ProjectConfigurationPlatforms) = postSolution
		{4AB969C8-6AA5-4FCB-B6B9-DEC7A1C6C798}.Debug|Any CPU.ActiveCfg = Debug|Any CPU
		{4AB969C8-6AA5-4FCB-B6B9-DEC7A1C6C798}.Debug|Any CPU.Build.0 = Debug|Any CPU
		{4AB969C8-6AA5-4FCB-B6B9-DEC7A1C6C798}.Release|Any CPU.ActiveCfg = Release|Any CPU
		{4AB969C8-6AA5-4FCB-B6B9-DEC7A1C6C798}.Release|Any CPU.Build.0 = Release|Any CPU
	EndGlobalSection
	GlobalSection(SolutionProperties) = preSolution
		HideSolutionNode = FALSE
	EndGlobalSection
	GlobalSection(ExtensibilityGlobals) = postSolution
		SolutionGuid = {C60776BB-7914-4A4A-BD7A-21BA5A431929}
	EndGlobalSection
EndGlobal
